<?xml version="1.0" encoding="UTF-8" standalone="yes" ?>
<CodeBlocks_project_file>
	<FileVersion major="1" minor="6" />
	<Project>
		<Option title="CB_cambala" />
		<Option pch_mode="2" />
		<Option compiler="gcc" />
		<Build>
			<Target title="Debug">
				<Option output="bin/Debug/CB_cambala" prefix_auto="1" extension_auto="1" />
				<Option object_output="obj/Debug/" />
				<Option type="1" />
				<Option compiler="gcc" />
				<Compiler>
					<Add option="-g" />
					<Add directory="../../../alglib" />
				</Compiler>
				<Linker>
					<Add option="-static" />
				</Linker>
			</Target>
			<Target title="Release">
				<Option output="bin/Release/CB_cambala" prefix_auto="1" extension_auto="1" />
				<Option object_output="obj/Release/" />
				<Option type="1" />
				<Option compiler="gcc" />
				<Compiler>
					<Add option="-O2" />
					<Add directory="../../../alglib" />
				</Compiler>
				<Linker>
					<Add option="-s" />
					<Add option="-static" />
				</Linker>
			</Target>
		</Build>
		<Compiler>
			<Add option="-Wall" />
			<Add option="-fexceptions" />
			<Add directory="../../../alglib" />
		</Compiler>
		<Linker>
			<Add option="-static" />
		</Linker>
		<Unit filename="../../../alglib/alglibinternal.cpp" />
		<Unit filename="../../../alglib/alglibinternal.h" />
		<Unit filename="../../../alglib/alglibmisc.cpp" />
		<Unit filename="../../../alglib/alglibmisc.h" />
		<Unit filename="../../../alglib/ap.cpp" />
		<Unit filename="../../../alglib/ap.h" />
		<Unit filename="../../../alglib/dataanalysis.cpp" />
		<Unit filename="../../../alglib/dataanalysis.h" />
		<Unit filename="../../../alglib/diffequations.cpp" />
		<Unit filename="../../../alglib/diffequations.h" />
		<Unit filename="../../../alglib/fasttransforms.cpp" />
		<Unit filename="../../../alglib/fasttransforms.h" />
		<Unit filename="../../../alglib/integration.cpp" />
		<Unit filename="../../../alglib/integration.h" />
		<Unit filename="../../../alglib/interpolation.cpp" />
		<Unit filename="../../../alglib/interpolation.h" />
		<Unit filename="../../../alglib/linalg.cpp" />
		<Unit filename="../../../alglib/linalg.h" />
		<Unit filename="../../../alglib/optimization.cpp" />
		<Unit filename="../../../alglib/optimization.h" />
		<Unit filename="../../../alglib/solvers.cpp" />
		<Unit filename="../../../alglib/solvers.h" />
		<Unit filename="../../../alglib/specialfunctions.cpp" />
		<Unit filename="../../../alglib/specialfunctions.h" />
		<Unit filename="../../../alglib/statistics.cpp" />
		<Unit filename="../../../alglib/statistics.h" />
		<Unit filename="../cambala/compute.h" />
		<Unit filename="../cambala/main.cpp" />
		<Unit filename="../cambala/point.h" />
		<Unit filename="../cambala/sequential.cpp" />
		<Unit filename="../cambala/sequential.h" />
		<Extensions>
			<code_completion />
			<envvars />
			<debugger />
		</Extensions>
	</Project>
</CodeBlocks_project_file>
