<?xml version="1.0" encoding="utf-8"?>
<Project ToolsVersion="4.0" xmlns="http://schemas.microsoft.com/developer/msbuild/2003">
  <ItemGroup>
    <Filter Include="alglib">
      <UniqueIdentifier>{9a887344-8cb4-4f60-81ee-2f369afdf4ac}</UniqueIdentifier>
    </Filter>
  </ItemGroup>
  <ItemGroup>
    <ClCompile Include="..\..\alglib\alglibinternal.cpp">
      <Filter>alglib</Filter>
    </ClCompile>
    <ClCompile Include="..\..\alglib\alglibmisc.cpp">
      <Filter>alglib</Filter>
    </ClCompile>
    <ClCompile Include="..\..\alglib\ap.cpp">
      <Filter>alglib</Filter>
    </ClCompile>
    <ClCompile Include="..\..\alglib\dataanalysis.cpp">
      <Filter>alglib</Filter>
    </ClCompile>
    <ClCompile Include="..\..\alglib\diffequations.cpp">
      <Filter>alglib</Filter>
    </ClCompile>
    <ClCompile Include="..\..\alglib\fasttransforms.cpp">
      <Filter>alglib</Filter>
    </ClCompile>
    <ClCompile Include="..\..\alglib\integration.cpp">
      <Filter>alglib</Filter>
    </ClCompile>
    <ClCompile Include="..\..\alglib\interpolation.cpp">
      <Filter>alglib</Filter>
    </ClCompile>
    <ClCompile Include="..\..\alglib\linalg.cpp">
      <Filter>alglib</Filter>
    </ClCompile>
    <ClCompile Include="..\..\alglib\optimization.cpp">
      <Filter>alglib</Filter>
    </ClCompile>
    <ClCompile Include="..\..\alglib\solvers.cpp">
      <Filter>alglib</Filter>
    </ClCompile>
    <ClCompile Include="..\..\alglib\specialfunctions.cpp">
      <Filter>alglib</Filter>
    </ClCompile>
    <ClCompile Include="..\..\alglib\statistics.cpp">
      <Filter>alglib</Filter>
    </ClCompile>
    <ClCompile Include="..\boinc_app\cambala_boinc_app.cpp" />
    <ClCompile Include="..\cambala\sequential.cpp" />
  </ItemGroup>
  <ItemGroup>
    <ClInclude Include="..\..\alglib\alglibinternal.h">
      <Filter>alglib</Filter>
    </ClInclude>
    <ClInclude Include="..\..\alglib\alglibmisc.h">
      <Filter>alglib</Filter>
    </ClInclude>
    <ClInclude Include="..\..\alglib\ap.h">
      <Filter>alglib</Filter>
    </ClInclude>
    <ClInclude Include="..\..\alglib\dataanalysis.h">
      <Filter>alglib</Filter>
    </ClInclude>
    <ClInclude Include="..\..\alglib\diffequations.h">
      <Filter>alglib</Filter>
    </ClInclude>
    <ClInclude Include="..\..\alglib\fasttransforms.h">
      <Filter>alglib</Filter>
    </ClInclude>
    <ClInclude Include="..\..\alglib\integration.h">
      <Filter>alglib</Filter>
    </ClInclude>
    <ClInclude Include="..\..\alglib\interpolation.h">
      <Filter>alglib</Filter>
    </ClInclude>
    <ClInclude Include="..\..\alglib\linalg.h">
      <Filter>alglib</Filter>
    </ClInclude>
    <ClInclude Include="..\..\alglib\optimization.h">
      <Filter>alglib</Filter>
    </ClInclude>
    <ClInclude Include="..\..\alglib\solvers.h">
      <Filter>alglib</Filter>
    </ClInclude>
    <ClInclude Include="..\..\alglib\specialfunctions.h">
      <Filter>alglib</Filter>
    </ClInclude>
    <ClInclude Include="..\..\alglib\statistics.h">
      <Filter>alglib</Filter>
    </ClInclude>
    <ClInclude Include="..\cambala\compute.h" />
    <ClInclude Include="..\cambala\point.h" />
    <ClInclude Include="..\cambala\sequential.h" />
    <ClInclude Include="..\cambala\utils.h" />
  </ItemGroup>
  <ItemGroup>
    <None Include="..\boinc_app\Makefile" />
  </ItemGroup>
</Project>